
Microsoft Visual Studio Solution File, Format Version 12.00
# Visual Studio Version 17
VisualStudioVersion = 17.14.36301.6 d17.14
MinimumVisualStudioVersion = 10.0.40219.1
Project("{FAE04EC0-301F-11D3-BF4B-00C04F79EFBC}") = "TravelTripProje", "TravelTripProje\TravelTripProje.csproj", "{C6B86316-03DE-4D96-8FAA-E63260852F7B}"
EndProject
Global
	GlobalSection(SolutionConfigurationPlatforms) = preSolution
		Debug|Any CPU = Debug|Any CPU
		Release|Any CPU = Release|Any CPU
	EndGlobalSection
	GlobalSection(ProjectConfigurationPlatforms) = postSolution
		{C6B86316-03DE-4D96-8FAA-E63260852F7B}.Debug|Any CPU.ActiveCfg = Debug|Any CPU
		{C6B86316-03DE-4D96-8FAA-E63260852F7B}.Debug|Any CPU.Build.0 = Debug|Any CPU
		{C6B86316-03DE-4D96-8FAA-E63260852F7B}.Release|Any CPU.ActiveCfg = Release|Any CPU
		{C6B86316-03DE-4D96-8FAA-E63260852F7B}.Release|Any CPU.Build.0 = Release|Any CPU
	EndGlobalSection
	GlobalSection(SolutionProperties) = preSolution
		HideSolutionNode = FALSE
	EndGlobalSection
	GlobalSection(ExtensibilityGlobals) = postSolution
		SolutionGuid = {48216050-2ED4-497C-972B-500BCB9ABF9C}
	EndGlobalSection
EndGlobal
